// !$*UTF8*$!
{
	archiveVersion = 1;
	classes = {
	};
	objectVersion = 50;
	objects = {

/* Begin PBXBuildFile section */
		B58C6E9C2147BFE200CDF63A /* AppleScriptObjC.framework in Frameworks */ = {isa = PBXBuildFile; fileRef = B58C6E9B2147BFE200CDF63A /* AppleScriptObjC.framework */; };
		B58C6E9F2147BFE200CDF63A /* AppDelegate.applescript in Sources */ = {isa = PBXBuildFile; fileRef = B58C6E9E2147BFE200CDF63A /* AppDelegate.applescript */; };
		B58C6EA12147BFE400CDF63A /* Assets.xcassets in Resources */ = {isa = PBXBuildFile; fileRef = B58C6EA02147BFE400CDF63A /* Assets.xcassets */; };
		B58C6EA42147BFE400CDF63A /* MainMenu.xib in Resources */ = {isa = PBXBuildFile; fileRef = B58C6EA22147BFE400CDF63A /* MainMenu.xib */; };
		B58C6EA72147BFE400CDF63A /* main.m in Sources */ = {isa = PBXBuildFile; fileRef = B58C6EA62147BFE400CDF63A /* main.m */; };
/* End PBXBuildFile section */

/* Begin PBXFileReference section */
		B58C6E982147BFE200CDF63A /* AMultiplyBDemo.app */ = {isa = PBXFileReference; explicitFileType = wrapper.application; includeInIndex = 0; path = AMultiplyBDemo.app; sourceTree = BUILT_PRODUCTS_DIR; };
		B58C6E9B2147BFE200CDF63A /* AppleScriptObjC.framework */ = {isa = PBXFileReference; lastKnownFileType = wrapper.framework; name = AppleScriptObjC.framework; path = System/Library/Frameworks/AppleScriptObjC.framework; sourceTree = SDKROOT; };
		B58C6E9E2147BFE200CDF63A /* AppDelegate.applescript */ = {isa = PBXFileReference; lastKnownFileType = sourcecode.applescript; path = AppDelegate.applescript; sourceTree = "<group>"; };
		B58C6EA02147BFE400CDF63A /* Assets.xcassets */ = {isa = PBXFileReference; lastKnownFileType = folder.assetcatalog; path = Assets.xcassets; sourceTree = "<group>"; };
		B58C6EA32147BFE400CDF63A /* Base */ = {isa = PBXFileReference; lastKnownFileType = file.xib; name = Base; path = Base.lproj/MainMenu.xib; sourceTree = "<group>"; };
		B58C6EA52147BFE400CDF63A /* Info.plist */ = {isa = PBXFileReference; lastKnownFileType = text.plist.xml; path = Info.plist; sourceTree = "<group>"; };
		B58C6EA62147BFE400CDF63A /* main.m */ = {isa = PBXFileReference; lastKnownFileType = sourcecode.c.objc; path = main.m; sourceTree = "<group>"; };
/* End PBXFileReference section */

/* Begin PBXFrameworksBuildPhase section */
		B58C6E952147BFE200CDF63A /* Frameworks */ = {
			isa = PBXFrameworksBuildPhase;
			buildActionMask = 2147483647;
			files = (
				B58C6E9C2147BFE200CDF63A /* AppleScriptObjC.framework in Frameworks */,
			);
			runOnlyForDeploymentPostprocessing = 0;
		};
/* End PBXFrameworksBuildPhase section */

/* Begin PBXGroup section */
		B58C6E8F2147BFE200CDF63A = {
			isa = PBXGroup;
			children = (
				B58C6E9D2147BFE200CDF63A /* AMultiplyBDemo */,
				B58C6E9A2147BFE200CDF63A /* Frameworks */,
				B58C6E992147BFE200CDF63A /* Products */,
			);
			sourceTree = "<group>";
		};
		B58C6E992147BFE200CDF63A /* Products */ = {
			isa = PBXGroup;
			children = (
				B58C6E982147BFE200CDF63A /* AMultiplyBDemo.app */,
			);
			name = Products;
			sourceTree = "<group>";
		};
		B58C6E9A2147BFE200CDF63A /* Frameworks */ = {
			isa = PBXGroup;
			children = (
				B58C6E9B2147BFE200CDF63A /* AppleScriptObjC.framework */,
			);
			name = Frameworks;
			sourceTree = "<group>";
		};
		B58C6E9D2147BFE200CDF63A /* AMultiplyBDemo */ = {
			isa = PBXGroup;
			children = (
				B58C6E9E2147BFE200CDF63A /* AppDelegate.applescript */,
				B58C6EA02147BFE400CDF63A /* Assets.xcassets */,
				B58C6EA22147BFE400CDF63A /* MainMenu.xib */,
				B58C6EA52147BFE400CDF63A /* Info.plist */,
				B58C6EA62147BFE400CDF63A /* main.m */,
			);
			path = AMultiplyBDemo;
			sourceTree = "<group>";
		};
/* End PBXGroup section */

/* Begin PBXNativeTarget section */
		B58C6E972147BFE200CDF63A /* AMultiplyBDemo */ = {
			isa = PBXNativeTarget;
			buildConfigurationList = B58C6EAA2147BFE400CDF63A /* Build configuration list for PBXNativeTarget "AMultiplyBDemo" */;
			buildPhases = (
				B58C6E942147BFE200CDF63A /* Sources */,
				B58C6E952147BFE200CDF63A /* Frameworks */,
				B58C6E962147BFE200CDF63A /* Resources */,
			);
			buildRules = (
			);
			dependencies = (
			);
			name = AMultiplyBDemo;
			productName = AMultiplyBDemo;
			productReference = B58C6E982147BFE200CDF63A /* AMultiplyBDemo.app */;
			productType = "com.apple.product-type.application";
		};
/* End PBXNativeTarget section */

/* Begin PBXProject section */
		B58C6E902147BFE200CDF63A /* Project object */ = {
			isa = PBXProject;
			attributes = {
				LastUpgradeCheck = 0940;
				ORGANIZATIONNAME = QQingiOSTeam;
				TargetAttributes = {
					B58C6E972147BFE200CDF63A = {
						CreatedOnToolsVersion = 9.4.1;
					};
				};
			};
			buildConfigurationList = B58C6E932147BFE200CDF63A /* Build configuration list for PBXProject "AMultiplyBDemo" */;
			compatibilityVersion = "Xcode 9.3";
			developmentRegion = en;
			hasScannedForEncodings = 0;
			knownRegions = (
				en,
				Base,
			);
			mainGroup = B58C6E8F2147BFE200CDF63A;
			productRefGroup = B58C6E992147BFE200CDF63A /* Products */;
			projectDirPath = "";
			projectRoot = "";
			targets = (
				B58C6E972147BFE200CDF63A /* AMultiplyBDemo */,
			);
		};
/* End PBXProject section */

/* Begin PBXResourcesBuildPhase section */
		B58C6E962147BFE200CDF63A /* Resources */ = {
			isa = PBXResourcesBuildPhase;
			buildActionMask = 2147483647;
			files = (
				B58C6EA12147BFE400CDF63A /* Assets.xcassets in Resources */,
				B58C6EA42147BFE400CDF63A /* MainMenu.xib in Resources */,
			);
			runOnlyForDeploymentPostprocessing = 0;
		};
/* End PBXResourcesBuildPhase section */

/* Begin PBXSourcesBuildPhase section */
		B58C6E942147BFE200CDF63A /* Sources */ = {
			isa = PBXSourcesBuildPhase;
			buildActionMask = 2147483647;
			files = (
				B58C6EA72147BFE400CDF63A /* main.m in Sources */,
				B58C6E9F2147BFE200CDF63A /* AppDelegate.applescript in Sources */,
			);
			runOnlyForDeploymentPostprocessing = 0;
		};
/* End PBXSourcesBuildPhase section */

/* Begin PBXVariantGroup section */
		B58C6EA22147BFE400CDF63A /* MainMenu.xib */ = {
			isa = PBXVariantGroup;
			children = (
				B58C6EA32147BFE400CDF63A /* Base */,
			);
			name = MainMenu.xib;
			sourceTree = "<group>";
		};
/* End PBXVariantGroup section */

/* Begin XCBuildConfiguration section */
		B58C6EA82147BFE400CDF63A /* Debug */ = {
			isa = XCBuildConfiguration;
			buildSettings = {
				ALWAYS_SEARCH_USER_PATHS = NO;
				CLANG_ANALYZER_NONNULL = YES;
				CLANG_ANALYZER_NUMBER_OBJECT_CONVERSION = YES_AGGRESSIVE;
				CLANG_CXX_LANGUAGE_STANDARD = "gnu++14";
				CLANG_CXX_LIBRARY = "libc++";
				CLANG_ENABLE_MODULES = YES;
				CLANG_ENABLE_OBJC_ARC = YES;
				CLANG_ENABLE_OBJC_WEAK = YES;
				CLANG_WARN_BLOCK_CAPTURE_AUTORELEASING = YES;
				CLANG_WARN_BOOL_CONVERSION = YES;
				CLANG_WARN_COMMA = YES;
				CLANG_WARN_CONSTANT_CONVERSION = YES;
				CLANG_WARN_DEPRECATED_OBJC_IMPLEMENTATIONS = YES;
				CLANG_WARN_DIRECT_OBJC_ISA_USAGE = YES_ERROR;
				CLANG_WARN_DOCUMENTATION_COMMENTS = YES;
				CLANG_WARN_EMPTY_BODY = YES;
				CLANG_WARN_ENUM_CONVERSION = YES;
				CLANG_WARN_INFINITE_RECURSION = YES;
				CLANG_WARN_INT_CONVERSION = YES;
				CLANG_WARN_NON_LITERAL_NULL_CONVERSION = YES;
				CLANG_WARN_OBJC_IMPLICIT_RETAIN_SELF = YES;
				CLANG_WARN_OBJC_LITERAL_CONVERSION = YES;
				CLANG_WARN_OBJC_ROOT_CLASS = YES_ERROR;
				CLANG_WARN_RANGE_LOOP_ANALYSIS = YES;
				CLANG_WARN_STRICT_PROTOTYPES = YES;
				CLANG_WARN_SUSPICIOUS_MOVE = YES;
				CLANG_WARN_UNGUARDED_AVAILABILITY = YES_AGGRESSIVE;
				CLANG_WARN_UNREACHABLE_CODE = YES;
				CLANG_WARN__DUPLICATE_METHOD_MATCH = YES;
				CODE_SIGN_IDENTITY = "-";
				COPY_PHASE_STRIP = NO;
				DEBUG_INFORMATION_FORMAT = dwarf;
				ENABLE_STRICT_OBJC_MSGSEND = YES;
				ENABLE_TESTABILITY = YES;
				GCC_C_LANGUAGE_STANDARD = gnu11;
				GCC_DYNAMIC_NO_PIC = NO;
				GCC_NO_COMMON_BLOCKS = YES;
				GCC_OPTIMIZATION_LEVEL = 0;
				GCC_PREPROCESSOR_DEFINITIONS = (
					"DEBUG=1",
					"$(inherited)",
				);
				GCC_WARN_64_TO_32_BIT_CONVERSION = YES;
				GCC_WARN_ABOUT_RETURN_TYPE = YES_ERROR;
				GCC_WARN_UNDECLARED_SELECTOR = YES;
				GCC_WARN_UNINITIALIZED_AUTOS = YES_AGGRESSIVE;
				GCC_WARN_UNUSED_FUNCTION = YES;
				GCC_WARN_UNUSED_VARIABLE = YES;
				MACOSX_DEPLOYMENT_TARGET = 10.13;
				MTL_ENABLE_DEBUG_INFO = YES;
				ONLY_ACTIVE_ARCH = YES;
				SDKROOT = macosx;
			};
			name = Debug;
		};
		B58C6EA92147BFE400CDF63A /* Release */ = {
			isa = XCBuildConfiguration;
			buildSettings = {
				ALWAYS_SEARCH_USER_PATHS = NO;
				CLANG_ANALYZER_NONNULL = YES;
				CLANG_ANALYZER_NUMBER_OBJECT_CONVERSION = YES_AGGRESSIVE;
				CLANG_CXX_LANGUAGE_STANDARD = "gnu++14";
				CLANG_CXX_LIBRARY = "libc++";
				CLANG_ENABLE_MODULES = YES;
				CLANG_ENABLE_OBJC_ARC = YES;
				CLANG_ENABLE_OBJC_WEAK = YES;
				CLANG_WARN_BLOCK_CAPTURE_AUTORELEASING = YES;
				CLANG_WARN_BOOL_CONVERSION = YES;
				CLANG_WARN_COMMA = YES;
				CLANG_WARN_CONSTANT_CONVERSION = YES;
				CLANG_WARN_DEPRECATED_OBJC_IMPLEMENTATIONS = YES;
				CLANG_WARN_DIRECT_OBJC_ISA_USAGE = YES_ERROR;
				CLANG_WARN_DOCUMENTATION_COMMENTS = YES;
				CLANG_WARN_EMPTY_BODY = YES;
				CLANG_WARN_ENUM_CONVERSION = YES;
				CLANG_WARN_INFINITE_RECURSION = YES;
				CLANG_WARN_INT_CONVERSION = YES;
				CLANG_WARN_NON_LITERAL_NULL_CONVERSION = YES;
				CLANG_WARN_OBJC_IMPLICIT_RETAIN_SELF = YES;
				CLANG_WARN_OBJC_LITERAL_CONVERSION = YES;
				CLANG_WARN_OBJC_ROOT_CLASS = YES_ERROR;
				CLANG_WARN_RANGE_LOOP_ANALYSIS = YES;
				CLANG_WARN_STRICT_PROTOTYPES = YES;
				CLANG_WARN_SUSPICIOUS_MOVE = YES;
				CLANG_WARN_UNGUARDED_AVAILABILITY = YES_AGGRESSIVE;
				CLANG_WARN_UNREACHABLE_CODE = YES;
				CLANG_WARN__DUPLICATE_METHOD_MATCH = YES;
				CODE_SIGN_IDENTITY = "-";
				COPY_PHASE_STRIP = NO;
				DEBUG_INFORMATION_FORMAT = "dwarf-with-dsym";
				ENABLE_NS_ASSERTIONS = NO;
				ENABLE_STRICT_OBJC_MSGSEND = YES;
				GCC_C_LANGUAGE_STANDARD = gnu11;
				GCC_NO_COMMON_BLOCKS = YES;
				GCC_WARN_64_TO_32_BIT_CONVERSION = YES;
				GCC_WARN_ABOUT_RETURN_TYPE = YES_ERROR;
				GCC_WARN_UNDECLARED_SELECTOR = YES;
				GCC_WARN_UNINITIALIZED_AUTOS = YES_AGGRESSIVE;
				GCC_WARN_UNUSED_FUNCTION = YES;
				GCC_WARN_UNUSED_VARIABLE = YES;
				MACOSX_DEPLOYMENT_TARGET = 10.13;
				MTL_ENABLE_DEBUG_INFO = NO;
				SDKROOT = macosx;
			};
			name = Release;
		};
		B58C6EAB2147BFE400CDF63A /* Debug */ = {
			isa = XCBuildConfiguration;
			buildSettings = {
				ASSETCATALOG_COMPILER_APPICON_NAME = AppIcon;
				CODE_SIGN_STYLE = Automatic;
				COMBINE_HIDPI_IMAGES = YES;
				INFOPLIST_FILE = AMultiplyBDemo/Info.plist;
				LD_RUNPATH_SEARCH_PATHS = (
					"$(inherited)",
					"@executable_path/../Frameworks",
				);
				PRODUCT_BUNDLE_IDENTIFIER = QQingiOSTeam.AMultiplyBDemo;
				PRODUCT_NAME = "$(TARGET_NAME)";
			};
			name = Debug;
		};
		B58C6EAC2147BFE400CDF63A /* Release */ = {
			isa = XCBuildConfiguration;
			buildSettings = {
				ASSETCATALOG_COMPILER_APPICON_NAME = AppIcon;
				CODE_SIGN_STYLE = Automatic;
				COMBINE_HIDPI_IMAGES = YES;
				INFOPLIST_FILE = AMultiplyBDemo/Info.plist;
				LD_RUNPATH_SEARCH_PATHS = (
					"$(inherited)",
					"@executable_path/../Frameworks",
				);
				PRODUCT_BUNDLE_IDENTIFIER = QQingiOSTeam.AMultiplyBDemo;
				PRODUCT_NAME = "$(TARGET_NAME)";
			};
			name = Release;
		};
/* End XCBuildConfiguration section */

/* Begin XCConfigurationList section */
		B58C6E932147BFE200CDF63A /* Build configuration list for PBXProject "AMultiplyBDemo" */ = {
			isa = XCConfigurationList;
			buildConfigurations = (
				B58C6EA82147BFE400CDF63A /* Debug */,
				B58C6EA92147BFE400CDF63A /* Release */,
			);
			defaultConfigurationIsVisible = 0;
			defaultConfigurationName = Release;
		};
		B58C6EAA2147BFE400CDF63A /* Build configuration list for PBXNativeTarget "AMultiplyBDemo" */ = {
			isa = XCConfigurationList;
			buildConfigurations = (
				B58C6EAB2147BFE400CDF63A /* Debug */,
				B58C6EAC2147BFE400CDF63A /* Release */,
			);
			defaultConfigurationIsVisible = 0;
			defaultConfigurationName = Release;
		};
/* End XCConfigurationList section */
	};
	rootObject = B58C6E902147BFE200CDF63A /* Project object */;
}
