// !$*UTF8*$!
{
	archiveVersion = 1;
	classes = {
	};
	objectVersion = 50;
	objects = {

/* Begin PBXBuildFile section */
		A50CEF27211B0A3800AD7875 /* APIFamilies.plist in Resources */ = {isa = PBXBuildFile; fileRef = A50CEF26211B0A3800AD7875 /* APIFamilies.plist */; };
		A50CEF29211C8DAD00AD7875 /* DDN Hunter Icon.icns in Resources */ = {isa = PBXBuildFile; fileRef = A50CEF28211C8DAC00AD7875 /* DDN Hunter Icon.icns */; };
		A50CEF30211CE1AE00AD7875 /* Credits.rtfd in Resources */ = {isa = PBXBuildFile; fileRef = A50CEF2F211CE1AE00AD7875 /* Credits.rtfd */; };
		A50CEF34211D4D9400AD7875 /* NSAlert+MyriadHelpers.m in Sources */ = {isa = PBXBuildFile; fileRef = A50CEF33211D4D9400AD7875 /* NSAlert+MyriadHelpers.m */; };
		A5CC84F72114C52C00FFC587 /* AppleScriptObjC.framework in Frameworks */ = {isa = PBXBuildFile; fileRef = A5CC84F62114C52C00FFC587 /* AppleScriptObjC.framework */; };
		A5CC84FA2114C52C00FFC587 /* AppDelegate.applescript in Sources */ = {isa = PBXBuildFile; fileRef = A5CC84F92114C52C00FFC587 /* AppDelegate.applescript */; };
		A5CC84FC2114C52E00FFC587 /* Assets.xcassets in Resources */ = {isa = PBXBuildFile; fileRef = A5CC84FB2114C52E00FFC587 /* Assets.xcassets */; };
		A5CC84FF2114C52E00FFC587 /* MainMenu.xib in Resources */ = {isa = PBXBuildFile; fileRef = A5CC84FD2114C52E00FFC587 /* MainMenu.xib */; };
		A5CC85022114C52E00FFC587 /* main.m in Sources */ = {isa = PBXBuildFile; fileRef = A5CC85012114C52E00FFC587 /* main.m */; };
/* End PBXBuildFile section */

/* Begin PBXFileReference section */
		A50CEF26211B0A3800AD7875 /* APIFamilies.plist */ = {isa = PBXFileReference; lastKnownFileType = text.plist.xml; path = APIFamilies.plist; sourceTree = "<group>"; };
		A50CEF28211C8DAC00AD7875 /* DDN Hunter Icon.icns */ = {isa = PBXFileReference; lastKnownFileType = image.icns; name = "DDN Hunter Icon.icns"; path = "../../../../Documents/Mozilla/New MDN Logos/DDN Hunter Icon.icns"; sourceTree = "<group>"; };
		A50CEF2D211CD9C200AD7875 /* update-version.sh */ = {isa = PBXFileReference; lastKnownFileType = text.script.sh; path = "update-version.sh"; sourceTree = "<group>"; };
		A50CEF2F211CE1AE00AD7875 /* Credits.rtfd */ = {isa = PBXFileReference; lastKnownFileType = wrapper.rtfd; path = Credits.rtfd; sourceTree = "<group>"; };
		A50CEF32211D4D9400AD7875 /* NSAlert+MyriadHelpers.h */ = {isa = PBXFileReference; fileEncoding = 4; lastKnownFileType = sourcecode.c.h; path = "NSAlert+MyriadHelpers.h"; sourceTree = "<group>"; };
		A50CEF33211D4D9400AD7875 /* NSAlert+MyriadHelpers.m */ = {isa = PBXFileReference; fileEncoding = 4; lastKnownFileType = sourcecode.c.objc; path = "NSAlert+MyriadHelpers.m"; sourceTree = "<group>"; };
		A5CC84F32114C52C00FFC587 /* Firefox DDN Fetcher.app */ = {isa = PBXFileReference; explicitFileType = wrapper.application; includeInIndex = 0; path = "Firefox DDN Fetcher.app"; sourceTree = BUILT_PRODUCTS_DIR; };
		A5CC84F62114C52C00FFC587 /* AppleScriptObjC.framework */ = {isa = PBXFileReference; lastKnownFileType = wrapper.framework; name = AppleScriptObjC.framework; path = System/Library/Frameworks/AppleScriptObjC.framework; sourceTree = SDKROOT; };
		A5CC84F92114C52C00FFC587 /* AppDelegate.applescript */ = {isa = PBXFileReference; lastKnownFileType = sourcecode.applescript; path = AppDelegate.applescript; sourceTree = "<group>"; };
		A5CC84FB2114C52E00FFC587 /* Assets.xcassets */ = {isa = PBXFileReference; lastKnownFileType = folder.assetcatalog; path = Assets.xcassets; sourceTree = "<group>"; };
		A5CC84FE2114C52E00FFC587 /* Base */ = {isa = PBXFileReference; lastKnownFileType = file.xib; name = Base; path = Base.lproj/MainMenu.xib; sourceTree = "<group>"; };
		A5CC85002114C52E00FFC587 /* Info.plist */ = {isa = PBXFileReference; lastKnownFileType = text.plist.xml; path = Info.plist; sourceTree = "<group>"; };
		A5CC85012114C52E00FFC587 /* main.m */ = {isa = PBXFileReference; lastKnownFileType = sourcecode.c.objc; path = main.m; sourceTree = "<group>"; };
/* End PBXFileReference section */

/* Begin PBXFrameworksBuildPhase section */
		A5CC84F02114C52C00FFC587 /* Frameworks */ = {
			isa = PBXFrameworksBuildPhase;
			buildActionMask = 2147483647;
			files = (
				A5CC84F72114C52C00FFC587 /* AppleScriptObjC.framework in Frameworks */,
			);
			runOnlyForDeploymentPostprocessing = 0;
		};
/* End PBXFrameworksBuildPhase section */

/* Begin PBXGroup section */
		A50CEF31211D4D6100AD7875 /* Myriad Helpers */ = {
			isa = PBXGroup;
			children = (
				A50CEF32211D4D9400AD7875 /* NSAlert+MyriadHelpers.h */,
				A50CEF33211D4D9400AD7875 /* NSAlert+MyriadHelpers.m */,
			);
			path = "Myriad Helpers";
			sourceTree = "<group>";
		};
		A5CC84EA2114C52C00FFC587 = {
			isa = PBXGroup;
			children = (
				A50CEF2D211CD9C200AD7875 /* update-version.sh */,
				A5CC84F82114C52C00FFC587 /* DDN Fetcher */,
				A5CC84F52114C52C00FFC587 /* Frameworks */,
				A5CC84F42114C52C00FFC587 /* Products */,
			);
			sourceTree = "<group>";
		};
		A5CC84F42114C52C00FFC587 /* Products */ = {
			isa = PBXGroup;
			children = (
				A5CC84F32114C52C00FFC587 /* Firefox DDN Fetcher.app */,
			);
			name = Products;
			sourceTree = "<group>";
		};
		A5CC84F52114C52C00FFC587 /* Frameworks */ = {
			isa = PBXGroup;
			children = (
				A5CC84F62114C52C00FFC587 /* AppleScriptObjC.framework */,
			);
			name = Frameworks;
			sourceTree = "<group>";
		};
		A5CC84F82114C52C00FFC587 /* DDN Fetcher */ = {
			isa = PBXGroup;
			children = (
				A5CC84F92114C52C00FFC587 /* AppDelegate.applescript */,
				A50CEF31211D4D6100AD7875 /* Myriad Helpers */,
				A5CC84FB2114C52E00FFC587 /* Assets.xcassets */,
				A5CC84FD2114C52E00FFC587 /* MainMenu.xib */,
				A5CC85002114C52E00FFC587 /* Info.plist */,
				A50CEF28211C8DAC00AD7875 /* DDN Hunter Icon.icns */,
				A5CC85012114C52E00FFC587 /* main.m */,
				A50CEF26211B0A3800AD7875 /* APIFamilies.plist */,
				A50CEF2F211CE1AE00AD7875 /* Credits.rtfd */,
			);
			path = "DDN Fetcher";
			sourceTree = "<group>";
		};
/* End PBXGroup section */

/* Begin PBXNativeTarget section */
		A5CC84F22114C52C00FFC587 /* Firefox DDN Fetcher */ = {
			isa = PBXNativeTarget;
			buildConfigurationList = A5CC85052114C52E00FFC587 /* Build configuration list for PBXNativeTarget "Firefox DDN Fetcher" */;
			buildPhases = (
				A5CC84EF2114C52C00FFC587 /* Sources */,
				A5CC84F02114C52C00FFC587 /* Frameworks */,
				A5CC84F12114C52C00FFC587 /* Resources */,
				A50CEF2E211CDBF300AD7875 /* ShellScript */,
			);
			buildRules = (
			);
			dependencies = (
			);
			name = "Firefox DDN Fetcher";
			productName = "DDN Fetcher";
			productReference = A5CC84F32114C52C00FFC587 /* Firefox DDN Fetcher.app */;
			productType = "com.apple.product-type.application";
		};
/* End PBXNativeTarget section */

/* Begin PBXProject section */
		A5CC84EB2114C52C00FFC587 /* Project object */ = {
			isa = PBXProject;
			attributes = {
				LastUpgradeCheck = 0940;
				ORGANIZATIONNAME = Mozilla;
				TargetAttributes = {
					A5CC84F22114C52C00FFC587 = {
						CreatedOnToolsVersion = 9.4.1;
					};
				};
			};
			buildConfigurationList = A5CC84EE2114C52C00FFC587 /* Build configuration list for PBXProject "Firefox DDN Fetcher" */;
			compatibilityVersion = "Xcode 9.3";
			developmentRegion = en;
			hasScannedForEncodings = 0;
			knownRegions = (
				en,
				Base,
			);
			mainGroup = A5CC84EA2114C52C00FFC587;
			productRefGroup = A5CC84F42114C52C00FFC587 /* Products */;
			projectDirPath = "";
			projectRoot = "";
			targets = (
				A5CC84F22114C52C00FFC587 /* Firefox DDN Fetcher */,
			);
		};
/* End PBXProject section */

/* Begin PBXResourcesBuildPhase section */
		A5CC84F12114C52C00FFC587 /* Resources */ = {
			isa = PBXResourcesBuildPhase;
			buildActionMask = 2147483647;
			files = (
				A50CEF30211CE1AE00AD7875 /* Credits.rtfd in Resources */,
				A50CEF29211C8DAD00AD7875 /* DDN Hunter Icon.icns in Resources */,
				A5CC84FC2114C52E00FFC587 /* Assets.xcassets in Resources */,
				A50CEF27211B0A3800AD7875 /* APIFamilies.plist in Resources */,
				A5CC84FF2114C52E00FFC587 /* MainMenu.xib in Resources */,
			);
			runOnlyForDeploymentPostprocessing = 0;
		};
/* End PBXResourcesBuildPhase section */

/* Begin PBXShellScriptBuildPhase section */
		A50CEF2E211CDBF300AD7875 /* ShellScript */ = {
			isa = PBXShellScriptBuildPhase;
			buildActionMask = 2147483647;
			files = (
			);
			inputPaths = (
			);
			outputPaths = (
			);
			runOnlyForDeploymentPostprocessing = 0;
			shellPath = /bin/sh;
			shellScript = "sh \"update-version.sh\"";
		};
/* End PBXShellScriptBuildPhase section */

/* Begin PBXSourcesBuildPhase section */
		A5CC84EF2114C52C00FFC587 /* Sources */ = {
			isa = PBXSourcesBuildPhase;
			buildActionMask = 2147483647;
			files = (
				A5CC85022114C52E00FFC587 /* main.m in Sources */,
				A50CEF34211D4D9400AD7875 /* NSAlert+MyriadHelpers.m in Sources */,
				A5CC84FA2114C52C00FFC587 /* AppDelegate.applescript in Sources */,
			);
			runOnlyForDeploymentPostprocessing = 0;
		};
/* End PBXSourcesBuildPhase section */

/* Begin PBXVariantGroup section */
		A5CC84FD2114C52E00FFC587 /* MainMenu.xib */ = {
			isa = PBXVariantGroup;
			children = (
				A5CC84FE2114C52E00FFC587 /* Base */,
			);
			name = MainMenu.xib;
			sourceTree = "<group>";
		};
/* End PBXVariantGroup section */

/* Begin XCBuildConfiguration section */
		A5CC85032114C52E00FFC587 /* Debug */ = {
			isa = XCBuildConfiguration;
			buildSettings = {
				ALWAYS_SEARCH_USER_PATHS = NO;
				CLANG_ANALYZER_NONNULL = YES;
				CLANG_ANALYZER_NUMBER_OBJECT_CONVERSION = YES_AGGRESSIVE;
				CLANG_CXX_LANGUAGE_STANDARD = "gnu++14";
				CLANG_CXX_LIBRARY = "libc++";
				CLANG_ENABLE_MODULES = YES;
				CLANG_ENABLE_OBJC_ARC = YES;
				CLANG_ENABLE_OBJC_WEAK = YES;
				CLANG_WARN_BLOCK_CAPTURE_AUTORELEASING = YES;
				CLANG_WARN_BOOL_CONVERSION = YES;
				CLANG_WARN_COMMA = YES;
				CLANG_WARN_CONSTANT_CONVERSION = YES;
				CLANG_WARN_DEPRECATED_OBJC_IMPLEMENTATIONS = YES;
				CLANG_WARN_DIRECT_OBJC_ISA_USAGE = YES_ERROR;
				CLANG_WARN_DOCUMENTATION_COMMENTS = YES;
				CLANG_WARN_EMPTY_BODY = YES;
				CLANG_WARN_ENUM_CONVERSION = YES;
				CLANG_WARN_INFINITE_RECURSION = YES;
				CLANG_WARN_INT_CONVERSION = YES;
				CLANG_WARN_NON_LITERAL_NULL_CONVERSION = YES;
				CLANG_WARN_OBJC_IMPLICIT_RETAIN_SELF = YES;
				CLANG_WARN_OBJC_LITERAL_CONVERSION = YES;
				CLANG_WARN_OBJC_ROOT_CLASS = YES_ERROR;
				CLANG_WARN_RANGE_LOOP_ANALYSIS = YES;
				CLANG_WARN_STRICT_PROTOTYPES = YES;
				CLANG_WARN_SUSPICIOUS_MOVE = YES;
				CLANG_WARN_UNGUARDED_AVAILABILITY = YES_AGGRESSIVE;
				CLANG_WARN_UNREACHABLE_CODE = YES;
				CLANG_WARN__DUPLICATE_METHOD_MATCH = YES;
				CODE_SIGN_IDENTITY = "-";
				COPY_PHASE_STRIP = NO;
				DEBUG_INFORMATION_FORMAT = dwarf;
				ENABLE_STRICT_OBJC_MSGSEND = YES;
				ENABLE_TESTABILITY = YES;
				GCC_C_LANGUAGE_STANDARD = gnu11;
				GCC_DYNAMIC_NO_PIC = NO;
				GCC_NO_COMMON_BLOCKS = YES;
				GCC_OPTIMIZATION_LEVEL = 0;
				GCC_PREPROCESSOR_DEFINITIONS = (
					"DEBUG=1",
					"$(inherited)",
				);
				GCC_WARN_64_TO_32_BIT_CONVERSION = YES;
				GCC_WARN_ABOUT_RETURN_TYPE = YES_ERROR;
				GCC_WARN_UNDECLARED_SELECTOR = YES;
				GCC_WARN_UNINITIALIZED_AUTOS = YES_AGGRESSIVE;
				GCC_WARN_UNUSED_FUNCTION = YES;
				GCC_WARN_UNUSED_VARIABLE = YES;
				MACOSX_DEPLOYMENT_TARGET = 10.13;
				MTL_ENABLE_DEBUG_INFO = YES;
				ONLY_ACTIVE_ARCH = YES;
				SDKROOT = macosx;
			};
			name = Debug;
		};
		A5CC85042114C52E00FFC587 /* Release */ = {
			isa = XCBuildConfiguration;
			buildSettings = {
				ALWAYS_SEARCH_USER_PATHS = NO;
				CLANG_ANALYZER_NONNULL = YES;
				CLANG_ANALYZER_NUMBER_OBJECT_CONVERSION = YES_AGGRESSIVE;
				CLANG_CXX_LANGUAGE_STANDARD = "gnu++14";
				CLANG_CXX_LIBRARY = "libc++";
				CLANG_ENABLE_MODULES = YES;
				CLANG_ENABLE_OBJC_ARC = YES;
				CLANG_ENABLE_OBJC_WEAK = YES;
				CLANG_WARN_BLOCK_CAPTURE_AUTORELEASING = YES;
				CLANG_WARN_BOOL_CONVERSION = YES;
				CLANG_WARN_COMMA = YES;
				CLANG_WARN_CONSTANT_CONVERSION = YES;
				CLANG_WARN_DEPRECATED_OBJC_IMPLEMENTATIONS = YES;
				CLANG_WARN_DIRECT_OBJC_ISA_USAGE = YES_ERROR;
				CLANG_WARN_DOCUMENTATION_COMMENTS = YES;
				CLANG_WARN_EMPTY_BODY = YES;
				CLANG_WARN_ENUM_CONVERSION = YES;
				CLANG_WARN_INFINITE_RECURSION = YES;
				CLANG_WARN_INT_CONVERSION = YES;
				CLANG_WARN_NON_LITERAL_NULL_CONVERSION = YES;
				CLANG_WARN_OBJC_IMPLICIT_RETAIN_SELF = YES;
				CLANG_WARN_OBJC_LITERAL_CONVERSION = YES;
				CLANG_WARN_OBJC_ROOT_CLASS = YES_ERROR;
				CLANG_WARN_RANGE_LOOP_ANALYSIS = YES;
				CLANG_WARN_STRICT_PROTOTYPES = YES;
				CLANG_WARN_SUSPICIOUS_MOVE = YES;
				CLANG_WARN_UNGUARDED_AVAILABILITY = YES_AGGRESSIVE;
				CLANG_WARN_UNREACHABLE_CODE = YES;
				CLANG_WARN__DUPLICATE_METHOD_MATCH = YES;
				CODE_SIGN_IDENTITY = "-";
				COPY_PHASE_STRIP = NO;
				DEBUG_INFORMATION_FORMAT = "dwarf-with-dsym";
				ENABLE_NS_ASSERTIONS = NO;
				ENABLE_STRICT_OBJC_MSGSEND = YES;
				GCC_C_LANGUAGE_STANDARD = gnu11;
				GCC_NO_COMMON_BLOCKS = YES;
				GCC_WARN_64_TO_32_BIT_CONVERSION = YES;
				GCC_WARN_ABOUT_RETURN_TYPE = YES_ERROR;
				GCC_WARN_UNDECLARED_SELECTOR = YES;
				GCC_WARN_UNINITIALIZED_AUTOS = YES_AGGRESSIVE;
				GCC_WARN_UNUSED_FUNCTION = YES;
				GCC_WARN_UNUSED_VARIABLE = YES;
				MACOSX_DEPLOYMENT_TARGET = 10.13;
				MTL_ENABLE_DEBUG_INFO = NO;
				SDKROOT = macosx;
			};
			name = Release;
		};
		A5CC85062114C52E00FFC587 /* Debug */ = {
			isa = XCBuildConfiguration;
			buildSettings = {
				ASSETCATALOG_COMPILER_APPICON_NAME = "DDN Hunter Icons";
				CODE_SIGN_STYLE = Automatic;
				COMBINE_HIDPI_IMAGES = YES;
				CURRENT_PROJECT_VERSION = "";
				INFOPLIST_FILE = "DDN Fetcher/Info.plist";
				LD_RUNPATH_SEARCH_PATHS = (
					"$(inherited)",
					"@executable_path/../Frameworks",
				);
				MACOSX_DEPLOYMENT_TARGET = 10.11;
				PRODUCT_BUNDLE_IDENTIFIER = "com.mozilla.DDN-Fetcher";
				PRODUCT_NAME = "$(TARGET_NAME)";
				VERSIONING_SYSTEM = "apple-generic";
			};
			name = Debug;
		};
		A5CC85072114C52E00FFC587 /* Release */ = {
			isa = XCBuildConfiguration;
			buildSettings = {
				ASSETCATALOG_COMPILER_APPICON_NAME = "DDN Hunter Icons";
				CODE_SIGN_STYLE = Automatic;
				COMBINE_HIDPI_IMAGES = YES;
				CURRENT_PROJECT_VERSION = "";
				INFOPLIST_FILE = "DDN Fetcher/Info.plist";
				LD_RUNPATH_SEARCH_PATHS = (
					"$(inherited)",
					"@executable_path/../Frameworks",
				);
				MACOSX_DEPLOYMENT_TARGET = 10.11;
				PRODUCT_BUNDLE_IDENTIFIER = "com.mozilla.DDN-Fetcher";
				PRODUCT_NAME = "$(TARGET_NAME)";
				VERSIONING_SYSTEM = "apple-generic";
			};
			name = Release;
		};
/* End XCBuildConfiguration section */

/* Begin XCConfigurationList section */
		A5CC84EE2114C52C00FFC587 /* Build configuration list for PBXProject "Firefox DDN Fetcher" */ = {
			isa = XCConfigurationList;
			buildConfigurations = (
				A5CC85032114C52E00FFC587 /* Debug */,
				A5CC85042114C52E00FFC587 /* Release */,
			);
			defaultConfigurationIsVisible = 0;
			defaultConfigurationName = Release;
		};
		A5CC85052114C52E00FFC587 /* Build configuration list for PBXNativeTarget "Firefox DDN Fetcher" */ = {
			isa = XCConfigurationList;
			buildConfigurations = (
				A5CC85062114C52E00FFC587 /* Debug */,
				A5CC85072114C52E00FFC587 /* Release */,
			);
			defaultConfigurationIsVisible = 0;
			defaultConfigurationName = Release;
		};
/* End XCConfigurationList section */
	};
	rootObject = A5CC84EB2114C52C00FFC587 /* Project object */;
}
