// !$*UTF8*$!
{
	archiveVersion = 1;
	classes = {
	};
	objectVersion = 50;
	objects = {

/* Begin PBXBuildFile section */
		33058BAA21595B6D00D63EF8 /* AppDelegate.m in Sources */ = {isa = PBXBuildFile; fileRef = 33058BA921595B6D00D63EF8 /* AppDelegate.m */; };
		33058BAD21595B6D00D63EF8 /* ViewController.m in Sources */ = {isa = PBXBuildFile; fileRef = 33058BAC21595B6D00D63EF8 /* ViewController.m */; };
		33058BAF21595B6D00D63EF8 /* Assets.xcassets in Resources */ = {isa = PBXBuildFile; fileRef = 33058BAE21595B6D00D63EF8 /* Assets.xcassets */; };
		33058BB221595B6D00D63EF8 /* Main.storyboard in Resources */ = {isa = PBXBuildFile; fileRef = 33058BB021595B6D00D63EF8 /* Main.storyboard */; };
		33058BB521595B6D00D63EF8 /* main.m in Sources */ = {isa = PBXBuildFile; fileRef = 33058BB421595B6D00D63EF8 /* main.m */; };
		B5A074142159E9CC001BF797 /* ScriptingBridge.framework in Frameworks */ = {isa = PBXBuildFile; fileRef = B5A074132159E9CC001BF797 /* ScriptingBridge.framework */; };
		B5A074192159EA3E001BF797 /* Cocoa.framework in Frameworks */ = {isa = PBXBuildFile; fileRef = B5A074182159EA3E001BF797 /* Cocoa.framework */; };
		B5A07442215A0D8E001BF797 /* XPCScriptingBridge.m in Sources */ = {isa = PBXBuildFile; fileRef = B5A07441215A0D8E001BF797 /* XPCScriptingBridge.m */; };
		B5A07444215A0D8E001BF797 /* main.m in Sources */ = {isa = PBXBuildFile; fileRef = B5A07443215A0D8E001BF797 /* main.m */; };
		B5A07448215A0D8E001BF797 /* XPCScriptingBridge.xpc in Embed XPC Services */ = {isa = PBXBuildFile; fileRef = B5A0743D215A0D8E001BF797 /* XPCScriptingBridge.xpc */; settings = {ATTRIBUTES = (RemoveHeadersOnCopy, ); }; };
		B5A07453215A0EA4001BF797 /* ScriptingBridge.framework in Frameworks */ = {isa = PBXBuildFile; fileRef = B5A074132159E9CC001BF797 /* ScriptingBridge.framework */; };
		B5A07456215A1353001BF797 /* Mail.app in Resources */ = {isa = PBXBuildFile; fileRef = B5A07455215A1353001BF797 /* Mail.app */; };
/* End PBXBuildFile section */

/* Begin PBXBuildRule section */
		B5A0744D215A0DA9001BF797 /* PBXBuildRule */ = {
			isa = PBXBuildRule;
			compilerSpec = com.apple.compilers.proxy.script;
			filePatterns = "*.app";
			fileType = pattern.proxy;
			isEditable = 1;
			outputFiles = (
				"$(DERIVED_FILES_DIR)/$(INPUT_FILE_BASE).h",
			);
			script = "sdef \"$INPUT_FILE_PATH\" | sdp -fh -o \"$DERIVED_FILES_DIR\" --basename \"$INPUT_FILE_BASE\" --bundleid `defaults read \"$INPUT_FILE_PATH/Contents/Info\" CFBundleIdentifier`\n";
		};
/* End PBXBuildRule section */

/* Begin PBXContainerItemProxy section */
		B5A07446215A0D8E001BF797 /* PBXContainerItemProxy */ = {
			isa = PBXContainerItemProxy;
			containerPortal = 33058B9D21595B6D00D63EF8 /* Project object */;
			proxyType = 1;
			remoteGlobalIDString = B5A0743C215A0D8E001BF797;
			remoteInfo = XPCScriptingBridge;
		};
/* End PBXContainerItemProxy section */

/* Begin PBXCopyFilesBuildPhase section */
		B5A0744C215A0D8E001BF797 /* Embed XPC Services */ = {
			isa = PBXCopyFilesBuildPhase;
			buildActionMask = 2147483647;
			dstPath = "$(CONTENTS_FOLDER_PATH)/XPCServices";
			dstSubfolderSpec = 16;
			files = (
				B5A07448215A0D8E001BF797 /* XPCScriptingBridge.xpc in Embed XPC Services */,
			);
			name = "Embed XPC Services";
			runOnlyForDeploymentPostprocessing = 0;
		};
/* End PBXCopyFilesBuildPhase section */

/* Begin PBXFileReference section */
		33058BA521595B6D00D63EF8 /* SendMail.app */ = {isa = PBXFileReference; explicitFileType = wrapper.application; includeInIndex = 0; path = SendMail.app; sourceTree = BUILT_PRODUCTS_DIR; };
		33058BA821595B6D00D63EF8 /* AppDelegate.h */ = {isa = PBXFileReference; lastKnownFileType = sourcecode.c.h; path = AppDelegate.h; sourceTree = "<group>"; };
		33058BA921595B6D00D63EF8 /* AppDelegate.m */ = {isa = PBXFileReference; lastKnownFileType = sourcecode.c.objc; path = AppDelegate.m; sourceTree = "<group>"; };
		33058BAB21595B6D00D63EF8 /* ViewController.h */ = {isa = PBXFileReference; lastKnownFileType = sourcecode.c.h; path = ViewController.h; sourceTree = "<group>"; };
		33058BAC21595B6D00D63EF8 /* ViewController.m */ = {isa = PBXFileReference; lastKnownFileType = sourcecode.c.objc; path = ViewController.m; sourceTree = "<group>"; };
		33058BAE21595B6D00D63EF8 /* Assets.xcassets */ = {isa = PBXFileReference; lastKnownFileType = folder.assetcatalog; path = Assets.xcassets; sourceTree = "<group>"; };
		33058BB121595B6D00D63EF8 /* Base */ = {isa = PBXFileReference; lastKnownFileType = file.storyboard; name = Base; path = Base.lproj/Main.storyboard; sourceTree = "<group>"; };
		33058BB321595B6D00D63EF8 /* Info.plist */ = {isa = PBXFileReference; lastKnownFileType = text.plist.xml; path = Info.plist; sourceTree = "<group>"; };
		33058BB421595B6D00D63EF8 /* main.m */ = {isa = PBXFileReference; lastKnownFileType = sourcecode.c.objc; path = main.m; sourceTree = "<group>"; };
		33058BB621595B6D00D63EF8 /* SendMail.entitlements */ = {isa = PBXFileReference; lastKnownFileType = text.plist.entitlements; path = SendMail.entitlements; sourceTree = "<group>"; };
		B5A074132159E9CC001BF797 /* ScriptingBridge.framework */ = {isa = PBXFileReference; lastKnownFileType = wrapper.framework; name = ScriptingBridge.framework; path = System/Library/Frameworks/ScriptingBridge.framework; sourceTree = SDKROOT; };
		B5A074182159EA3E001BF797 /* Cocoa.framework */ = {isa = PBXFileReference; lastKnownFileType = wrapper.framework; name = Cocoa.framework; path = System/Library/Frameworks/Cocoa.framework; sourceTree = SDKROOT; };
		B5A0743D215A0D8E001BF797 /* XPCScriptingBridge.xpc */ = {isa = PBXFileReference; explicitFileType = "wrapper.xpc-service"; includeInIndex = 0; path = XPCScriptingBridge.xpc; sourceTree = BUILT_PRODUCTS_DIR; };
		B5A0743F215A0D8E001BF797 /* XPCScriptingBridgeProtocol.h */ = {isa = PBXFileReference; lastKnownFileType = sourcecode.c.h; path = XPCScriptingBridgeProtocol.h; sourceTree = "<group>"; };
		B5A07440215A0D8E001BF797 /* XPCScriptingBridge.h */ = {isa = PBXFileReference; lastKnownFileType = sourcecode.c.h; path = XPCScriptingBridge.h; sourceTree = "<group>"; };
		B5A07441215A0D8E001BF797 /* XPCScriptingBridge.m */ = {isa = PBXFileReference; lastKnownFileType = sourcecode.c.objc; path = XPCScriptingBridge.m; sourceTree = "<group>"; };
		B5A07443215A0D8E001BF797 /* main.m */ = {isa = PBXFileReference; lastKnownFileType = sourcecode.c.objc; path = main.m; sourceTree = "<group>"; };
		B5A07445215A0D8E001BF797 /* Info.plist */ = {isa = PBXFileReference; lastKnownFileType = text.plist.xml; path = Info.plist; sourceTree = "<group>"; };
		B5A07455215A1353001BF797 /* Mail.app */ = {isa = PBXFileReference; lastKnownFileType = wrapper.application; name = Mail.app; path = ../../../../../../../../../../../Applications/Mail.app; sourceTree = "<group>"; };
/* End PBXFileReference section */

/* Begin PBXFrameworksBuildPhase section */
		33058BA221595B6D00D63EF8 /* Frameworks */ = {
			isa = PBXFrameworksBuildPhase;
			buildActionMask = 2147483647;
			files = (
				B5A074192159EA3E001BF797 /* Cocoa.framework in Frameworks */,
				B5A074142159E9CC001BF797 /* ScriptingBridge.framework in Frameworks */,
			);
			runOnlyForDeploymentPostprocessing = 0;
		};
		B5A0743A215A0D8E001BF797 /* Frameworks */ = {
			isa = PBXFrameworksBuildPhase;
			buildActionMask = 2147483647;
			files = (
				B5A07453215A0EA4001BF797 /* ScriptingBridge.framework in Frameworks */,
			);
			runOnlyForDeploymentPostprocessing = 0;
		};
/* End PBXFrameworksBuildPhase section */

/* Begin PBXGroup section */
		33058B9C21595B6D00D63EF8 = {
			isa = PBXGroup;
			children = (
				33058BA721595B6D00D63EF8 /* SendMail */,
				B5A0743E215A0D8E001BF797 /* XPCScriptingBridge */,
				33058BA621595B6D00D63EF8 /* Products */,
				B5A074122159E9CB001BF797 /* Frameworks */,
			);
			sourceTree = "<group>";
		};
		33058BA621595B6D00D63EF8 /* Products */ = {
			isa = PBXGroup;
			children = (
				33058BA521595B6D00D63EF8 /* SendMail.app */,
				B5A0743D215A0D8E001BF797 /* XPCScriptingBridge.xpc */,
			);
			name = Products;
			sourceTree = "<group>";
		};
		33058BA721595B6D00D63EF8 /* SendMail */ = {
			isa = PBXGroup;
			children = (
				33058BA821595B6D00D63EF8 /* AppDelegate.h */,
				33058BA921595B6D00D63EF8 /* AppDelegate.m */,
				33058BAB21595B6D00D63EF8 /* ViewController.h */,
				33058BAC21595B6D00D63EF8 /* ViewController.m */,
				33058BAE21595B6D00D63EF8 /* Assets.xcassets */,
				33058BB021595B6D00D63EF8 /* Main.storyboard */,
				33058BB321595B6D00D63EF8 /* Info.plist */,
				33058BB421595B6D00D63EF8 /* main.m */,
				33058BB621595B6D00D63EF8 /* SendMail.entitlements */,
			);
			path = SendMail;
			sourceTree = "<group>";
		};
		B5A074122159E9CB001BF797 /* Frameworks */ = {
			isa = PBXGroup;
			children = (
				B5A074182159EA3E001BF797 /* Cocoa.framework */,
				B5A074132159E9CC001BF797 /* ScriptingBridge.framework */,
			);
			name = Frameworks;
			sourceTree = "<group>";
		};
		B5A0743E215A0D8E001BF797 /* XPCScriptingBridge */ = {
			isa = PBXGroup;
			children = (
				B5A07454215A1335001BF797 /* Applications */,
				B5A0743F215A0D8E001BF797 /* XPCScriptingBridgeProtocol.h */,
				B5A07440215A0D8E001BF797 /* XPCScriptingBridge.h */,
				B5A07441215A0D8E001BF797 /* XPCScriptingBridge.m */,
				B5A07443215A0D8E001BF797 /* main.m */,
				B5A07445215A0D8E001BF797 /* Info.plist */,
			);
			path = XPCScriptingBridge;
			sourceTree = "<group>";
		};
		B5A07454215A1335001BF797 /* Applications */ = {
			isa = PBXGroup;
			children = (
				B5A07455215A1353001BF797 /* Mail.app */,
			);
			name = Applications;
			sourceTree = "<group>";
		};
/* End PBXGroup section */

/* Begin PBXNativeTarget section */
		33058BA421595B6D00D63EF8 /* SendMail */ = {
			isa = PBXNativeTarget;
			buildConfigurationList = 33058BB921595B6D00D63EF8 /* Build configuration list for PBXNativeTarget "SendMail" */;
			buildPhases = (
				33058BA121595B6D00D63EF8 /* Sources */,
				33058BA221595B6D00D63EF8 /* Frameworks */,
				B5A0744C215A0D8E001BF797 /* Embed XPC Services */,
				33058BA321595B6D00D63EF8 /* Resources */,
			);
			buildRules = (
			);
			dependencies = (
				B5A07447215A0D8E001BF797 /* PBXTargetDependency */,
			);
			name = SendMail;
			productName = SendMail;
			productReference = 33058BA521595B6D00D63EF8 /* SendMail.app */;
			productType = "com.apple.product-type.application";
		};
		B5A0743C215A0D8E001BF797 /* XPCScriptingBridge */ = {
			isa = PBXNativeTarget;
			buildConfigurationList = B5A07449215A0D8E001BF797 /* Build configuration list for PBXNativeTarget "XPCScriptingBridge" */;
			buildPhases = (
				B5A0743B215A0D8E001BF797 /* Resources */,
				B5A07439215A0D8E001BF797 /* Sources */,
				B5A0743A215A0D8E001BF797 /* Frameworks */,
			);
			buildRules = (
				B5A0744D215A0DA9001BF797 /* PBXBuildRule */,
			);
			dependencies = (
			);
			name = XPCScriptingBridge;
			productName = XPCScriptingBridge;
			productReference = B5A0743D215A0D8E001BF797 /* XPCScriptingBridge.xpc */;
			productType = "com.apple.product-type.xpc-service";
		};
/* End PBXNativeTarget section */

/* Begin PBXProject section */
		33058B9D21595B6D00D63EF8 /* Project object */ = {
			isa = PBXProject;
			attributes = {
				LastUpgradeCheck = 1000;
				ORGANIZATIONNAME = iOSStudio;
				TargetAttributes = {
					33058BA421595B6D00D63EF8 = {
						CreatedOnToolsVersion = 10.0;
					};
					B5A0743C215A0D8E001BF797 = {
						CreatedOnToolsVersion = 10.0;
					};
				};
			};
			buildConfigurationList = 33058BA021595B6D00D63EF8 /* Build configuration list for PBXProject "SendMail" */;
			compatibilityVersion = "Xcode 9.3";
			developmentRegion = en;
			hasScannedForEncodings = 0;
			knownRegions = (
				en,
				Base,
			);
			mainGroup = 33058B9C21595B6D00D63EF8;
			productRefGroup = 33058BA621595B6D00D63EF8 /* Products */;
			projectDirPath = "";
			projectRoot = "";
			targets = (
				33058BA421595B6D00D63EF8 /* SendMail */,
				B5A0743C215A0D8E001BF797 /* XPCScriptingBridge */,
			);
		};
/* End PBXProject section */

/* Begin PBXResourcesBuildPhase section */
		33058BA321595B6D00D63EF8 /* Resources */ = {
			isa = PBXResourcesBuildPhase;
			buildActionMask = 2147483647;
			files = (
				33058BAF21595B6D00D63EF8 /* Assets.xcassets in Resources */,
				33058BB221595B6D00D63EF8 /* Main.storyboard in Resources */,
			);
			runOnlyForDeploymentPostprocessing = 0;
		};
		B5A0743B215A0D8E001BF797 /* Resources */ = {
			isa = PBXResourcesBuildPhase;
			buildActionMask = 2147483647;
			files = (
				B5A07456215A1353001BF797 /* Mail.app in Resources */,
			);
			runOnlyForDeploymentPostprocessing = 0;
		};
/* End PBXResourcesBuildPhase section */

/* Begin PBXSourcesBuildPhase section */
		33058BA121595B6D00D63EF8 /* Sources */ = {
			isa = PBXSourcesBuildPhase;
			buildActionMask = 2147483647;
			files = (
				33058BAD21595B6D00D63EF8 /* ViewController.m in Sources */,
				33058BB521595B6D00D63EF8 /* main.m in Sources */,
				33058BAA21595B6D00D63EF8 /* AppDelegate.m in Sources */,
			);
			runOnlyForDeploymentPostprocessing = 0;
		};
		B5A07439215A0D8E001BF797 /* Sources */ = {
			isa = PBXSourcesBuildPhase;
			buildActionMask = 2147483647;
			files = (
				B5A07444215A0D8E001BF797 /* main.m in Sources */,
				B5A07442215A0D8E001BF797 /* XPCScriptingBridge.m in Sources */,
			);
			runOnlyForDeploymentPostprocessing = 0;
		};
/* End PBXSourcesBuildPhase section */

/* Begin PBXTargetDependency section */
		B5A07447215A0D8E001BF797 /* PBXTargetDependency */ = {
			isa = PBXTargetDependency;
			target = B5A0743C215A0D8E001BF797 /* XPCScriptingBridge */;
			targetProxy = B5A07446215A0D8E001BF797 /* PBXContainerItemProxy */;
		};
/* End PBXTargetDependency section */

/* Begin PBXVariantGroup section */
		33058BB021595B6D00D63EF8 /* Main.storyboard */ = {
			isa = PBXVariantGroup;
			children = (
				33058BB121595B6D00D63EF8 /* Base */,
			);
			name = Main.storyboard;
			sourceTree = "<group>";
		};
/* End PBXVariantGroup section */

/* Begin XCBuildConfiguration section */
		33058BB721595B6D00D63EF8 /* Debug */ = {
			isa = XCBuildConfiguration;
			buildSettings = {
				ALWAYS_SEARCH_USER_PATHS = NO;
				CLANG_ANALYZER_NONNULL = YES;
				CLANG_ANALYZER_NUMBER_OBJECT_CONVERSION = YES_AGGRESSIVE;
				CLANG_CXX_LANGUAGE_STANDARD = "gnu++14";
				CLANG_CXX_LIBRARY = "libc++";
				CLANG_ENABLE_MODULES = YES;
				CLANG_ENABLE_OBJC_ARC = YES;
				CLANG_ENABLE_OBJC_WEAK = YES;
				CLANG_WARN_BLOCK_CAPTURE_AUTORELEASING = YES;
				CLANG_WARN_BOOL_CONVERSION = YES;
				CLANG_WARN_COMMA = YES;
				CLANG_WARN_CONSTANT_CONVERSION = YES;
				CLANG_WARN_DEPRECATED_OBJC_IMPLEMENTATIONS = YES;
				CLANG_WARN_DIRECT_OBJC_ISA_USAGE = YES_ERROR;
				CLANG_WARN_DOCUMENTATION_COMMENTS = YES;
				CLANG_WARN_EMPTY_BODY = YES;
				CLANG_WARN_ENUM_CONVERSION = YES;
				CLANG_WARN_INFINITE_RECURSION = YES;
				CLANG_WARN_INT_CONVERSION = YES;
				CLANG_WARN_NON_LITERAL_NULL_CONVERSION = YES;
				CLANG_WARN_OBJC_IMPLICIT_RETAIN_SELF = YES;
				CLANG_WARN_OBJC_LITERAL_CONVERSION = YES;
				CLANG_WARN_OBJC_ROOT_CLASS = YES_ERROR;
				CLANG_WARN_RANGE_LOOP_ANALYSIS = YES;
				CLANG_WARN_STRICT_PROTOTYPES = YES;
				CLANG_WARN_SUSPICIOUS_MOVE = YES;
				CLANG_WARN_UNGUARDED_AVAILABILITY = YES_AGGRESSIVE;
				CLANG_WARN_UNREACHABLE_CODE = YES;
				CLANG_WARN__DUPLICATE_METHOD_MATCH = YES;
				CODE_SIGN_IDENTITY = "-";
				COPY_PHASE_STRIP = NO;
				DEBUG_INFORMATION_FORMAT = dwarf;
				ENABLE_STRICT_OBJC_MSGSEND = YES;
				ENABLE_TESTABILITY = YES;
				GCC_C_LANGUAGE_STANDARD = gnu11;
				GCC_DYNAMIC_NO_PIC = NO;
				GCC_NO_COMMON_BLOCKS = YES;
				GCC_OPTIMIZATION_LEVEL = 0;
				GCC_PREPROCESSOR_DEFINITIONS = (
					"DEBUG=1",
					"$(inherited)",
				);
				GCC_WARN_64_TO_32_BIT_CONVERSION = YES;
				GCC_WARN_ABOUT_RETURN_TYPE = YES_ERROR;
				GCC_WARN_UNDECLARED_SELECTOR = YES;
				GCC_WARN_UNINITIALIZED_AUTOS = YES_AGGRESSIVE;
				GCC_WARN_UNUSED_FUNCTION = YES;
				GCC_WARN_UNUSED_VARIABLE = YES;
				MACOSX_DEPLOYMENT_TARGET = 10.13;
				MTL_ENABLE_DEBUG_INFO = INCLUDE_SOURCE;
				MTL_FAST_MATH = YES;
				ONLY_ACTIVE_ARCH = YES;
				SDKROOT = macosx;
			};
			name = Debug;
		};
		33058BB821595B6D00D63EF8 /* Release */ = {
			isa = XCBuildConfiguration;
			buildSettings = {
				ALWAYS_SEARCH_USER_PATHS = NO;
				CLANG_ANALYZER_NONNULL = YES;
				CLANG_ANALYZER_NUMBER_OBJECT_CONVERSION = YES_AGGRESSIVE;
				CLANG_CXX_LANGUAGE_STANDARD = "gnu++14";
				CLANG_CXX_LIBRARY = "libc++";
				CLANG_ENABLE_MODULES = YES;
				CLANG_ENABLE_OBJC_ARC = YES;
				CLANG_ENABLE_OBJC_WEAK = YES;
				CLANG_WARN_BLOCK_CAPTURE_AUTORELEASING = YES;
				CLANG_WARN_BOOL_CONVERSION = YES;
				CLANG_WARN_COMMA = YES;
				CLANG_WARN_CONSTANT_CONVERSION = YES;
				CLANG_WARN_DEPRECATED_OBJC_IMPLEMENTATIONS = YES;
				CLANG_WARN_DIRECT_OBJC_ISA_USAGE = YES_ERROR;
				CLANG_WARN_DOCUMENTATION_COMMENTS = YES;
				CLANG_WARN_EMPTY_BODY = YES;
				CLANG_WARN_ENUM_CONVERSION = YES;
				CLANG_WARN_INFINITE_RECURSION = YES;
				CLANG_WARN_INT_CONVERSION = YES;
				CLANG_WARN_NON_LITERAL_NULL_CONVERSION = YES;
				CLANG_WARN_OBJC_IMPLICIT_RETAIN_SELF = YES;
				CLANG_WARN_OBJC_LITERAL_CONVERSION = YES;
				CLANG_WARN_OBJC_ROOT_CLASS = YES_ERROR;
				CLANG_WARN_RANGE_LOOP_ANALYSIS = YES;
				CLANG_WARN_STRICT_PROTOTYPES = YES;
				CLANG_WARN_SUSPICIOUS_MOVE = YES;
				CLANG_WARN_UNGUARDED_AVAILABILITY = YES_AGGRESSIVE;
				CLANG_WARN_UNREACHABLE_CODE = YES;
				CLANG_WARN__DUPLICATE_METHOD_MATCH = YES;
				CODE_SIGN_IDENTITY = "-";
				COPY_PHASE_STRIP = NO;
				DEBUG_INFORMATION_FORMAT = "dwarf-with-dsym";
				ENABLE_NS_ASSERTIONS = NO;
				ENABLE_STRICT_OBJC_MSGSEND = YES;
				GCC_C_LANGUAGE_STANDARD = gnu11;
				GCC_NO_COMMON_BLOCKS = YES;
				GCC_WARN_64_TO_32_BIT_CONVERSION = YES;
				GCC_WARN_ABOUT_RETURN_TYPE = YES_ERROR;
				GCC_WARN_UNDECLARED_SELECTOR = YES;
				GCC_WARN_UNINITIALIZED_AUTOS = YES_AGGRESSIVE;
				GCC_WARN_UNUSED_FUNCTION = YES;
				GCC_WARN_UNUSED_VARIABLE = YES;
				MACOSX_DEPLOYMENT_TARGET = 10.13;
				MTL_ENABLE_DEBUG_INFO = NO;
				MTL_FAST_MATH = YES;
				SDKROOT = macosx;
			};
			name = Release;
		};
		33058BBA21595B6D00D63EF8 /* Debug */ = {
			isa = XCBuildConfiguration;
			buildSettings = {
				ASSETCATALOG_COMPILER_APPICON_NAME = AppIcon;
				CODE_SIGN_ENTITLEMENTS = SendMail/SendMail.entitlements;
				CODE_SIGN_STYLE = Automatic;
				COMBINE_HIDPI_IMAGES = YES;
				INFOPLIST_FILE = SendMail/Info.plist;
				LD_RUNPATH_SEARCH_PATHS = (
					"$(inherited)",
					"@executable_path/../Frameworks",
				);
				PRODUCT_BUNDLE_IDENTIFIER = iOSStudio.SendMail;
				PRODUCT_NAME = "$(TARGET_NAME)";
			};
			name = Debug;
		};
		33058BBB21595B6D00D63EF8 /* Release */ = {
			isa = XCBuildConfiguration;
			buildSettings = {
				ASSETCATALOG_COMPILER_APPICON_NAME = AppIcon;
				CODE_SIGN_ENTITLEMENTS = SendMail/SendMail.entitlements;
				CODE_SIGN_STYLE = Automatic;
				COMBINE_HIDPI_IMAGES = YES;
				INFOPLIST_FILE = SendMail/Info.plist;
				LD_RUNPATH_SEARCH_PATHS = (
					"$(inherited)",
					"@executable_path/../Frameworks",
				);
				PRODUCT_BUNDLE_IDENTIFIER = iOSStudio.SendMail;
				PRODUCT_NAME = "$(TARGET_NAME)";
			};
			name = Release;
		};
		B5A0744A215A0D8E001BF797 /* Debug */ = {
			isa = XCBuildConfiguration;
			buildSettings = {
				CODE_SIGN_STYLE = Automatic;
				COMBINE_HIDPI_IMAGES = YES;
				INFOPLIST_FILE = XPCScriptingBridge/Info.plist;
				PRODUCT_BUNDLE_IDENTIFIER = Ben.XPCScriptingBridge;
				PRODUCT_NAME = "$(TARGET_NAME)";
				SKIP_INSTALL = YES;
			};
			name = Debug;
		};
		B5A0744B215A0D8E001BF797 /* Release */ = {
			isa = XCBuildConfiguration;
			buildSettings = {
				CODE_SIGN_STYLE = Automatic;
				COMBINE_HIDPI_IMAGES = YES;
				INFOPLIST_FILE = XPCScriptingBridge/Info.plist;
				PRODUCT_BUNDLE_IDENTIFIER = Ben.XPCScriptingBridge;
				PRODUCT_NAME = "$(TARGET_NAME)";
				SKIP_INSTALL = YES;
			};
			name = Release;
		};
/* End XCBuildConfiguration section */

/* Begin XCConfigurationList section */
		33058BA021595B6D00D63EF8 /* Build configuration list for PBXProject "SendMail" */ = {
			isa = XCConfigurationList;
			buildConfigurations = (
				33058BB721595B6D00D63EF8 /* Debug */,
				33058BB821595B6D00D63EF8 /* Release */,
			);
			defaultConfigurationIsVisible = 0;
			defaultConfigurationName = Release;
		};
		33058BB921595B6D00D63EF8 /* Build configuration list for PBXNativeTarget "SendMail" */ = {
			isa = XCConfigurationList;
			buildConfigurations = (
				33058BBA21595B6D00D63EF8 /* Debug */,
				33058BBB21595B6D00D63EF8 /* Release */,
			);
			defaultConfigurationIsVisible = 0;
			defaultConfigurationName = Release;
		};
		B5A07449215A0D8E001BF797 /* Build configuration list for PBXNativeTarget "XPCScriptingBridge" */ = {
			isa = XCConfigurationList;
			buildConfigurations = (
				B5A0744A215A0D8E001BF797 /* Debug */,
				B5A0744B215A0D8E001BF797 /* Release */,
			);
			defaultConfigurationIsVisible = 0;
			defaultConfigurationName = Release;
		};
/* End XCConfigurationList section */
	};
	rootObject = 33058B9D21595B6D00D63EF8 /* Project object */;
}
