// !$*UTF8*$!
{
	archiveVersion = 1;
	classes = {
	};
	objectVersion = 46;
	objects = {

/* Begin PBXBuildFile section */
		67062EE6175F204300A111B6 /* Credits.rtf in Resources */ = {isa = PBXBuildFile; fileRef = 67062EE5175F204300A111B6 /* Credits.rtf */; };
		67E549E317499285008296BF /* NSWindow+MyriadHelpers.m in Sources */ = {isa = PBXBuildFile; fileRef = 67E549E217499285008296BF /* NSWindow+MyriadHelpers.m */; };
		67E7485C17383B60004FC3CD /* Cocoa.framework in Frameworks */ = {isa = PBXBuildFile; fileRef = 67E7485B17383B60004FC3CD /* Cocoa.framework */; };
		67E7485E17383B60004FC3CD /* AppleScriptObjC.framework in Frameworks */ = {isa = PBXBuildFile; fileRef = 67E7485D17383B60004FC3CD /* AppleScriptObjC.framework */; };
		67E7486817383B60004FC3CD /* InfoPlist.strings in Resources */ = {isa = PBXBuildFile; fileRef = 67E7486617383B60004FC3CD /* InfoPlist.strings */; };
		67E7486A17383B60004FC3CD /* main.m in Sources */ = {isa = PBXBuildFile; fileRef = 67E7486917383B60004FC3CD /* main.m */; };
		67E7487017383B60004FC3CD /* AppDelegate.applescript in Sources */ = {isa = PBXBuildFile; fileRef = 67E7486F17383B60004FC3CD /* AppDelegate.applescript */; };
		67E7487317383B60004FC3CD /* MainMenu.xib in Resources */ = {isa = PBXBuildFile; fileRef = 67E7487117383B60004FC3CD /* MainMenu.xib */; };
		67F97B1D1759EF6E006CF41A /* round_House_icon_v2.icns in Resources */ = {isa = PBXBuildFile; fileRef = 67F97B1C1759EF6E006CF41A /* round_House_icon_v2.icns */; };
/* End PBXBuildFile section */

/* Begin PBXFileReference section */
		67062EE5175F204300A111B6 /* Credits.rtf */ = {isa = PBXFileReference; fileEncoding = 4; lastKnownFileType = text.rtf; path = Credits.rtf; sourceTree = "<group>"; };
		67E549E117499285008296BF /* NSWindow+MyriadHelpers.h */ = {isa = PBXFileReference; fileEncoding = 4; lastKnownFileType = sourcecode.c.h; path = "NSWindow+MyriadHelpers.h"; sourceTree = "<group>"; };
		67E549E217499285008296BF /* NSWindow+MyriadHelpers.m */ = {isa = PBXFileReference; fileEncoding = 4; lastKnownFileType = sourcecode.c.objc; path = "NSWindow+MyriadHelpers.m"; sourceTree = "<group>"; };
		67E7485817383B60004FC3CD /* RoundHouseHelper.app */ = {isa = PBXFileReference; explicitFileType = wrapper.application; includeInIndex = 0; path = RoundHouseHelper.app; sourceTree = BUILT_PRODUCTS_DIR; };
		67E7485B17383B60004FC3CD /* Cocoa.framework */ = {isa = PBXFileReference; lastKnownFileType = wrapper.framework; name = Cocoa.framework; path = System/Library/Frameworks/Cocoa.framework; sourceTree = SDKROOT; };
		67E7485D17383B60004FC3CD /* AppleScriptObjC.framework */ = {isa = PBXFileReference; lastKnownFileType = wrapper.framework; name = AppleScriptObjC.framework; path = System/Library/Frameworks/AppleScriptObjC.framework; sourceTree = SDKROOT; };
		67E7486017383B60004FC3CD /* AppKit.framework */ = {isa = PBXFileReference; lastKnownFileType = wrapper.framework; name = AppKit.framework; path = System/Library/Frameworks/AppKit.framework; sourceTree = SDKROOT; };
		67E7486117383B60004FC3CD /* CoreData.framework */ = {isa = PBXFileReference; lastKnownFileType = wrapper.framework; name = CoreData.framework; path = System/Library/Frameworks/CoreData.framework; sourceTree = SDKROOT; };
		67E7486217383B60004FC3CD /* Foundation.framework */ = {isa = PBXFileReference; lastKnownFileType = wrapper.framework; name = Foundation.framework; path = System/Library/Frameworks/Foundation.framework; sourceTree = SDKROOT; };
		67E7486517383B60004FC3CD /* RoundHouseHelper-Info.plist */ = {isa = PBXFileReference; lastKnownFileType = text.plist.xml; path = "RoundHouseHelper-Info.plist"; sourceTree = "<group>"; };
		67E7486717383B60004FC3CD /* en */ = {isa = PBXFileReference; lastKnownFileType = text.plist.strings; name = en; path = en.lproj/InfoPlist.strings; sourceTree = "<group>"; };
		67E7486917383B60004FC3CD /* main.m */ = {isa = PBXFileReference; lastKnownFileType = sourcecode.c.objc; path = main.m; sourceTree = "<group>"; };
		67E7486B17383B60004FC3CD /* RoundHouseHelper-Prefix.pch */ = {isa = PBXFileReference; lastKnownFileType = sourcecode.c.h; path = "RoundHouseHelper-Prefix.pch"; sourceTree = "<group>"; };
		67E7486F17383B60004FC3CD /* AppDelegate.applescript */ = {isa = PBXFileReference; lastKnownFileType = sourcecode.applescript; path = AppDelegate.applescript; sourceTree = "<group>"; };
		67E7487217383B60004FC3CD /* en */ = {isa = PBXFileReference; lastKnownFileType = file.xib; name = en; path = en.lproj/MainMenu.xib; sourceTree = "<group>"; };
		67F97B1C1759EF6E006CF41A /* round_House_icon_v2.icns */ = {isa = PBXFileReference; lastKnownFileType = image.icns; name = round_House_icon_v2.icns; path = ../round_House_icon_v2.icns; sourceTree = "<group>"; };
/* End PBXFileReference section */

/* Begin PBXFrameworksBuildPhase section */
		67E7485517383B60004FC3CD /* Frameworks */ = {
			isa = PBXFrameworksBuildPhase;
			buildActionMask = 2147483647;
			files = (
				67E7485C17383B60004FC3CD /* Cocoa.framework in Frameworks */,
				67E7485E17383B60004FC3CD /* AppleScriptObjC.framework in Frameworks */,
			);
			runOnlyForDeploymentPostprocessing = 0;
		};
/* End PBXFrameworksBuildPhase section */

/* Begin PBXGroup section */
		67E7484F17383B60004FC3CD = {
			isa = PBXGroup;
			children = (
				67E7486317383B60004FC3CD /* RoundHouseHelper */,
				67E7485A17383B60004FC3CD /* Frameworks */,
				67E7485917383B60004FC3CD /* Products */,
			);
			sourceTree = "<group>";
		};
		67E7485917383B60004FC3CD /* Products */ = {
			isa = PBXGroup;
			children = (
				67E7485817383B60004FC3CD /* RoundHouseHelper.app */,
			);
			name = Products;
			sourceTree = "<group>";
		};
		67E7485A17383B60004FC3CD /* Frameworks */ = {
			isa = PBXGroup;
			children = (
				67E7485B17383B60004FC3CD /* Cocoa.framework */,
				67E7485D17383B60004FC3CD /* AppleScriptObjC.framework */,
				67E7485F17383B60004FC3CD /* Other Frameworks */,
			);
			name = Frameworks;
			sourceTree = "<group>";
		};
		67E7485F17383B60004FC3CD /* Other Frameworks */ = {
			isa = PBXGroup;
			children = (
				67E7486017383B60004FC3CD /* AppKit.framework */,
				67E7486117383B60004FC3CD /* CoreData.framework */,
				67E7486217383B60004FC3CD /* Foundation.framework */,
			);
			name = "Other Frameworks";
			sourceTree = "<group>";
		};
		67E7486317383B60004FC3CD /* RoundHouseHelper */ = {
			isa = PBXGroup;
			children = (
				67E7486F17383B60004FC3CD /* AppDelegate.applescript */,
				67E7487117383B60004FC3CD /* MainMenu.xib */,
				67E7486417383B60004FC3CD /* Supporting Files */,
			);
			path = RoundHouseHelper;
			sourceTree = "<group>";
		};
		67E7486417383B60004FC3CD /* Supporting Files */ = {
			isa = PBXGroup;
			children = (
				67F97B1C1759EF6E006CF41A /* round_House_icon_v2.icns */,
				67E549E117499285008296BF /* NSWindow+MyriadHelpers.h */,
				67E549E217499285008296BF /* NSWindow+MyriadHelpers.m */,
				67E7486517383B60004FC3CD /* RoundHouseHelper-Info.plist */,
				67E7486617383B60004FC3CD /* InfoPlist.strings */,
				67E7486917383B60004FC3CD /* main.m */,
				67E7486B17383B60004FC3CD /* RoundHouseHelper-Prefix.pch */,
				67062EE5175F204300A111B6 /* Credits.rtf */,
			);
			name = "Supporting Files";
			sourceTree = "<group>";
		};
/* End PBXGroup section */

/* Begin PBXNativeTarget section */
		67E7485717383B60004FC3CD /* RoundHouseHelper */ = {
			isa = PBXNativeTarget;
			buildConfigurationList = 67E7487617383B60004FC3CD /* Build configuration list for PBXNativeTarget "RoundHouseHelper" */;
			buildPhases = (
				67E7485417383B60004FC3CD /* Sources */,
				67E7485517383B60004FC3CD /* Frameworks */,
				67FBDA5117389B0900B74C8D /* Run Script */,
				67E7485617383B60004FC3CD /* Resources */,
			);
			buildRules = (
			);
			dependencies = (
			);
			name = RoundHouseHelper;
			productName = RoundHouseHelper;
			productReference = 67E7485817383B60004FC3CD /* RoundHouseHelper.app */;
			productType = "com.apple.product-type.application";
		};
/* End PBXNativeTarget section */

/* Begin PBXProject section */
		67E7485017383B60004FC3CD /* Project object */ = {
			isa = PBXProject;
			attributes = {
				LastUpgradeCheck = 0460;
				ORGANIZATIONNAME = Drivetime;
			};
			buildConfigurationList = 67E7485317383B60004FC3CD /* Build configuration list for PBXProject "RoundHouseHelper" */;
			compatibilityVersion = "Xcode 3.2";
			developmentRegion = English;
			hasScannedForEncodings = 0;
			knownRegions = (
				en,
			);
			mainGroup = 67E7484F17383B60004FC3CD;
			productRefGroup = 67E7485917383B60004FC3CD /* Products */;
			projectDirPath = "";
			projectRoot = "";
			targets = (
				67E7485717383B60004FC3CD /* RoundHouseHelper */,
			);
		};
/* End PBXProject section */

/* Begin PBXResourcesBuildPhase section */
		67E7485617383B60004FC3CD /* Resources */ = {
			isa = PBXResourcesBuildPhase;
			buildActionMask = 2147483647;
			files = (
				67E7486817383B60004FC3CD /* InfoPlist.strings in Resources */,
				67E7487317383B60004FC3CD /* MainMenu.xib in Resources */,
				67F97B1D1759EF6E006CF41A /* round_House_icon_v2.icns in Resources */,
				67062EE6175F204300A111B6 /* Credits.rtf in Resources */,
			);
			runOnlyForDeploymentPostprocessing = 0;
		};
/* End PBXResourcesBuildPhase section */

/* Begin PBXShellScriptBuildPhase section */
		67FBDA5117389B0900B74C8D /* Run Script */ = {
			isa = PBXShellScriptBuildPhase;
			buildActionMask = 2147483647;
			files = (
			);
			inputPaths = (
			);
			name = "Run Script";
			outputPaths = (
			);
			runOnlyForDeploymentPostprocessing = 0;
			shellPath = /bin/sh;
			shellScript = "#!/bin/bash\nbuildNumber=$(/usr/libexec/PlistBuddy -c \"Print CFBundleVersion\" \"$INFOPLIST_FILE\")\nbuildNumber=$(($buildNumber + 1))\n/usr/libexec/PlistBuddy -c \"Set :CFBundleVersion $buildNumber\" \"$INFOPLIST_FILE\"";
		};
/* End PBXShellScriptBuildPhase section */

/* Begin PBXSourcesBuildPhase section */
		67E7485417383B60004FC3CD /* Sources */ = {
			isa = PBXSourcesBuildPhase;
			buildActionMask = 2147483647;
			files = (
				67E7486A17383B60004FC3CD /* main.m in Sources */,
				67E7487017383B60004FC3CD /* AppDelegate.applescript in Sources */,
				67E549E317499285008296BF /* NSWindow+MyriadHelpers.m in Sources */,
			);
			runOnlyForDeploymentPostprocessing = 0;
		};
/* End PBXSourcesBuildPhase section */

/* Begin PBXVariantGroup section */
		67E7486617383B60004FC3CD /* InfoPlist.strings */ = {
			isa = PBXVariantGroup;
			children = (
				67E7486717383B60004FC3CD /* en */,
			);
			name = InfoPlist.strings;
			sourceTree = "<group>";
		};
		67E7487117383B60004FC3CD /* MainMenu.xib */ = {
			isa = PBXVariantGroup;
			children = (
				67E7487217383B60004FC3CD /* en */,
			);
			name = MainMenu.xib;
			sourceTree = "<group>";
		};
/* End PBXVariantGroup section */

/* Begin XCBuildConfiguration section */
		67E7487417383B60004FC3CD /* Debug */ = {
			isa = XCBuildConfiguration;
			buildSettings = {
				ALWAYS_SEARCH_USER_PATHS = NO;
				ARCHS = "$(ARCHS_STANDARD_64_BIT)";
				CLANG_CXX_LANGUAGE_STANDARD = "gnu++0x";
				CLANG_CXX_LIBRARY = "libc++";
				CLANG_WARN_CONSTANT_CONVERSION = YES;
				CLANG_WARN_EMPTY_BODY = YES;
				CLANG_WARN_ENUM_CONVERSION = YES;
				CLANG_WARN_INT_CONVERSION = YES;
				CLANG_WARN__DUPLICATE_METHOD_MATCH = YES;
				COPY_PHASE_STRIP = NO;
				GCC_C_LANGUAGE_STANDARD = gnu99;
				GCC_DYNAMIC_NO_PIC = NO;
				GCC_ENABLE_OBJC_EXCEPTIONS = YES;
				GCC_OPTIMIZATION_LEVEL = 0;
				GCC_PREPROCESSOR_DEFINITIONS = (
					"DEBUG=1",
					"$(inherited)",
				);
				GCC_SYMBOLS_PRIVATE_EXTERN = NO;
				GCC_WARN_64_TO_32_BIT_CONVERSION = YES;
				GCC_WARN_ABOUT_RETURN_TYPE = YES;
				GCC_WARN_UNINITIALIZED_AUTOS = YES;
				GCC_WARN_UNUSED_VARIABLE = YES;
				MACOSX_DEPLOYMENT_TARGET = 10.8;
				ONLY_ACTIVE_ARCH = YES;
				SDKROOT = macosx;
			};
			name = Debug;
		};
		67E7487517383B60004FC3CD /* Release */ = {
			isa = XCBuildConfiguration;
			buildSettings = {
				ALWAYS_SEARCH_USER_PATHS = NO;
				ARCHS = "$(ARCHS_STANDARD_64_BIT)";
				CLANG_CXX_LANGUAGE_STANDARD = "gnu++0x";
				CLANG_CXX_LIBRARY = "libc++";
				CLANG_WARN_CONSTANT_CONVERSION = YES;
				CLANG_WARN_EMPTY_BODY = YES;
				CLANG_WARN_ENUM_CONVERSION = YES;
				CLANG_WARN_INT_CONVERSION = YES;
				CLANG_WARN__DUPLICATE_METHOD_MATCH = YES;
				COPY_PHASE_STRIP = YES;
				DEBUG_INFORMATION_FORMAT = "dwarf-with-dsym";
				GCC_C_LANGUAGE_STANDARD = gnu99;
				GCC_ENABLE_OBJC_EXCEPTIONS = YES;
				GCC_WARN_64_TO_32_BIT_CONVERSION = YES;
				GCC_WARN_ABOUT_RETURN_TYPE = YES;
				GCC_WARN_UNINITIALIZED_AUTOS = YES;
				GCC_WARN_UNUSED_VARIABLE = YES;
				MACOSX_DEPLOYMENT_TARGET = 10.8;
				SDKROOT = macosx;
			};
			name = Release;
		};
		67E7487717383B60004FC3CD /* Debug */ = {
			isa = XCBuildConfiguration;
			buildSettings = {
				COMBINE_HIDPI_IMAGES = YES;
				GCC_PRECOMPILE_PREFIX_HEADER = YES;
				GCC_PREFIX_HEADER = "RoundHouseHelper/RoundHouseHelper-Prefix.pch";
				INFOPLIST_FILE = "RoundHouseHelper/RoundHouseHelper-Info.plist";
				PRODUCT_NAME = "$(TARGET_NAME)";
				WRAPPER_EXTENSION = app;
			};
			name = Debug;
		};
		67E7487817383B60004FC3CD /* Release */ = {
			isa = XCBuildConfiguration;
			buildSettings = {
				COMBINE_HIDPI_IMAGES = YES;
				GCC_PRECOMPILE_PREFIX_HEADER = YES;
				GCC_PREFIX_HEADER = "RoundHouseHelper/RoundHouseHelper-Prefix.pch";
				INFOPLIST_FILE = "RoundHouseHelper/RoundHouseHelper-Info.plist";
				PRODUCT_NAME = "$(TARGET_NAME)";
				WRAPPER_EXTENSION = app;
			};
			name = Release;
		};
/* End XCBuildConfiguration section */

/* Begin XCConfigurationList section */
		67E7485317383B60004FC3CD /* Build configuration list for PBXProject "RoundHouseHelper" */ = {
			isa = XCConfigurationList;
			buildConfigurations = (
				67E7487417383B60004FC3CD /* Debug */,
				67E7487517383B60004FC3CD /* Release */,
			);
			defaultConfigurationIsVisible = 0;
			defaultConfigurationName = Release;
		};
		67E7487617383B60004FC3CD /* Build configuration list for PBXNativeTarget "RoundHouseHelper" */ = {
			isa = XCConfigurationList;
			buildConfigurations = (
				67E7487717383B60004FC3CD /* Debug */,
				67E7487817383B60004FC3CD /* Release */,
			);
			defaultConfigurationIsVisible = 0;
			defaultConfigurationName = Release;
		};
/* End XCConfigurationList section */
	};
	rootObject = 67E7485017383B60004FC3CD /* Project object */;
}
